<Solution>
  <Folder Name="/Services/" />
  <Folder Name="/Services/Basket/">
    <Project Path="Services/Basket/Basket.Api/Basket.Api.csproj" Id="622a8ba3-0530-4740-afda-33d04e9480e4" />
    <Project Path="Services/Basket/Basket.Application/Basket.Application.csproj" Id="ed11fb11-3c8e-4e73-924f-5069af4fc61b" />
    <Project Path="Services/Basket/Basket.Core/Basket.Core.csproj" Id="66b6e629-c0b6-4115-abcb-e9f227ff9f6c" />
    <Project Path="Services/Basket/Basket.Infrastructure/Basket.Infrastructure.csproj" Id="bd1d2104-9ddb-4652-b82a-eba40f2abc74" />
  </Folder>
  <Folder Name="/Services/Catalog/">
    <Project Path="Services/Catalog/Catalog.Api/Catalog.Api.csproj" />
    <Project Path="Services/Catalog/Catalog.Application/Catalog.Application.csproj" />
    <Project Path="Services/Catalog/Catalog.Core/Catalog.Core.csproj" />
    <Project Path="Services/Catalog/Catalog.Infrastructure/Catalog.Infrastructure.csproj" />
  </Folder>
  <Folder Name="/Services/Discount/">
    <Project Path="Services/Discount/Discount.Api/Discount.Api.csproj" Id="d422d9f5-fd01-4969-a566-3e03646ab4bc" />
    <Project Path="Services/Discount/Discount.Application/Discount.Application.csproj" Id="822edd02-5f13-4bc7-ab2d-5be8dd2a444a" />
    <Project Path="Services/Discount/Discount.Core/Discount.Core.csproj" Id="198c16e7-da4a-413c-9726-6dbccab13230" />
    <Project Path="Services/Discount/Discount.Infrastructure/Discount.Infrastructure.csproj" Id="2f537027-4a7e-4a8e-a5a9-93bbeb2c2f4c" />
  </Folder>
  <Project Path="docker-compose.dcproj">
    <Build />
  </Project>
</Solution>
